
Microsoft Visual Studio Solution File, Format Version 12.00
Project("{FAE04EC0-301F-11D3-BF4B-00C04F79EFBC}") = "SoftCorp", "SoftCorp\SoftCorp.csproj", "{5DA5224A-97AF-47D4-8680-711CE8AD8A2B}"
EndProject
Project("{FAE04EC0-301F-11D3-BF4B-00C04F79EFBC}") = "SoftCorp.UnitTests", "SoftCorp.UnitTests\SoftCorp.UnitTests.csproj", "{72DF7BDA-B6AB-4912-8610-C130162C9271}"
EndProject
Global
	GlobalSection(SolutionConfigurationPlatforms) = preSolution
		Debug|Any CPU = Debug|Any CPU
		Release|Any CPU = Release|Any CPU
	EndGlobalSection
	GlobalSection(ProjectConfigurationPlatforms) = postSolution
		{5DA5224A-97AF-47D4-8680-711CE8AD8A2B}.Debug|Any CPU.ActiveCfg = Debug|Any CPU
		{5DA5224A-97AF-47D4-8680-711CE8AD8A2B}.Debug|Any CPU.Build.0 = Debug|Any CPU
		{5DA5224A-97AF-47D4-8680-711CE8AD8A2B}.Release|Any CPU.ActiveCfg = Release|Any CPU
		{5DA5224A-97AF-47D4-8680-711CE8AD8A2B}.Release|Any CPU.Build.0 = Release|Any CPU
		{72DF7BDA-B6AB-4912-8610-C130162C9271}.Debug|Any CPU.ActiveCfg = Debug|Any CPU
		{72DF7BDA-B6AB-4912-8610-C130162C9271}.Debug|Any CPU.Build.0 = Debug|Any CPU
		{72DF7BDA-B6AB-4912-8610-C130162C9271}.Release|Any CPU.ActiveCfg = Release|Any CPU
		{72DF7BDA-B6AB-4912-8610-C130162C9271}.Release|Any CPU.Build.0 = Release|Any CPU
	EndGlobalSection
EndGlobal
